
Microsoft Visual Studio Solution File, Format Version 12.00
# Visual Studio Version 17
VisualStudioVersion = 17.4.33103.184
MinimumVisualStudioVersion = 10.0.40219.1
Project("{9A19103F-16F7-4668-BE54-9A1E7A4F7556}") = "EncryptedMessaging", "EncryptedMessaging\EncryptedMessaging.csproj", "{68DA2AC7-A1C8-418D-AB6B-1D8FAB074010}"
EndProject
Project("{9A19103F-16F7-4668-BE54-9A1E7A4F7556}") = "CommunicationChannel", "CommunicationChannel\CommunicationChannel.csproj", "{A4FA9A16-0C91-49D8-8D41-00A6F767FD85}"
EndProject
Project("{9A19103F-16F7-4668-BE54-9A1E7A4F7556}") = "SecureStorage", "..\SecureStorage\SecureStorage.csproj", "{694D186F-878A-4A33-93EB-D9B0A2551CAF}"
EndProject
Global
	GlobalSection(SolutionConfigurationPlatforms) = preSolution
		DEBUG_A|Any CPU = DEBUG_A|Any CPU
		DEBUG_ALI|Any CPU = DEBUG_ALI|Any CPU
		DEBUG_AND|Any CPU = DEBUG_AND|Any CPU
		DEBUG_B|Any CPU = DEBUG_B|Any CPU
		DEBUG_FAI|Any CPU = DEBUG_FAI|Any CPU
		DEBUG_MUS|Any CPU = DEBUG_MUS|Any CPU
		DEBUG_RAM_SOCIAL|Any CPU = DEBUG_RAM_SOCIAL|Any CPU
		DEBUG_RAM|Any CPU = DEBUG_RAM|Any CPU
		DEBUG_ZUB|Any CPU = DEBUG_ZUB|Any CPU
		Debug|Any CPU = Debug|Any CPU
		rDebug|Any CPU = rDebug|Any CPU
		Release|Any CPU = Release|Any CPU
	EndGlobalSection
	GlobalSection(ProjectConfigurationPlatforms) = postSolution
		{68DA2AC7-A1C8-418D-AB6B-1D8FAB074010}.DEBUG_A|Any CPU.ActiveCfg = DEBUG_A|Any CPU
		{68DA2AC7-A1C8-418D-AB6B-1D8FAB074010}.DEBUG_A|Any CPU.Build.0 = DEBUG_A|Any CPU
		{68DA2AC7-A1C8-418D-AB6B-1D8FAB074010}.DEBUG_ALI|Any CPU.ActiveCfg = DEBUG_ALI|Any CPU
		{68DA2AC7-A1C8-418D-AB6B-1D8FAB074010}.DEBUG_ALI|Any CPU.Build.0 = DEBUG_ALI|Any CPU
		{68DA2AC7-A1C8-418D-AB6B-1D8FAB074010}.DEBUG_AND|Any CPU.ActiveCfg = DEBUG_AND|Any CPU
		{68DA2AC7-A1C8-418D-AB6B-1D8FAB074010}.DEBUG_AND|Any CPU.Build.0 = DEBUG_AND|Any CPU
		{68DA2AC7-A1C8-418D-AB6B-1D8FAB074010}.DEBUG_B|Any CPU.ActiveCfg = DEBUG_B|Any CPU
		{68DA2AC7-A1C8-418D-AB6B-1D8FAB074010}.DEBUG_B|Any CPU.Build.0 = DEBUG_B|Any CPU
		{68DA2AC7-A1C8-418D-AB6B-1D8FAB074010}.DEBUG_FAI|Any CPU.ActiveCfg = DEBUG_FAI|Any CPU
		{68DA2AC7-A1C8-418D-AB6B-1D8FAB074010}.DEBUG_FAI|Any CPU.Build.0 = DEBUG_FAI|Any CPU
		{68DA2AC7-A1C8-418D-AB6B-1D8FAB074010}.DEBUG_MUS|Any CPU.ActiveCfg = DEBUG_MUS|Any CPU
		{68DA2AC7-A1C8-418D-AB6B-1D8FAB074010}.DEBUG_MUS|Any CPU.Build.0 = DEBUG_MUS|Any CPU
		{68DA2AC7-A1C8-418D-AB6B-1D8FAB074010}.DEBUG_RAM_SOCIAL|Any CPU.ActiveCfg = DEBUG_RAM_SOCIAL|Any CPU
		{68DA2AC7-A1C8-418D-AB6B-1D8FAB074010}.DEBUG_RAM_SOCIAL|Any CPU.Build.0 = DEBUG_RAM_SOCIAL|Any CPU
		{68DA2AC7-A1C8-418D-AB6B-1D8FAB074010}.DEBUG_RAM|Any CPU.ActiveCfg = DEBUG_RAM|Any CPU
		{68DA2AC7-A1C8-418D-AB6B-1D8FAB074010}.DEBUG_RAM|Any CPU.Build.0 = DEBUG_RAM|Any CPU
		{68DA2AC7-A1C8-418D-AB6B-1D8FAB074010}.DEBUG_ZUB|Any CPU.ActiveCfg = DEBUG_ZUB|Any CPU
		{68DA2AC7-A1C8-418D-AB6B-1D8FAB074010}.DEBUG_ZUB|Any CPU.Build.0 = DEBUG_ZUB|Any CPU
		{68DA2AC7-A1C8-418D-AB6B-1D8FAB074010}.Debug|Any CPU.ActiveCfg = Debug|Any CPU
		{68DA2AC7-A1C8-418D-AB6B-1D8FAB074010}.Debug|Any CPU.Build.0 = Debug|Any CPU
		{68DA2AC7-A1C8-418D-AB6B-1D8FAB074010}.rDebug|Any CPU.ActiveCfg = rDebug|Any CPU
		{68DA2AC7-A1C8-418D-AB6B-1D8FAB074010}.rDebug|Any CPU.Build.0 = rDebug|Any CPU
		{68DA2AC7-A1C8-418D-AB6B-1D8FAB074010}.Release|Any CPU.ActiveCfg = Release|Any CPU
		{68DA2AC7-A1C8-418D-AB6B-1D8FAB074010}.Release|Any CPU.Build.0 = Release|Any CPU
		{A4FA9A16-0C91-49D8-8D41-00A6F767FD85}.DEBUG_A|Any CPU.ActiveCfg = DEBUG_A|Any CPU
		{A4FA9A16-0C91-49D8-8D41-00A6F767FD85}.DEBUG_A|Any CPU.Build.0 = DEBUG_A|Any CPU
		{A4FA9A16-0C91-49D8-8D41-00A6F767FD85}.DEBUG_ALI|Any CPU.ActiveCfg = DEBUG_ALI|Any CPU
		{A4FA9A16-0C91-49D8-8D41-00A6F767FD85}.DEBUG_ALI|Any CPU.Build.0 = DEBUG_ALI|Any CPU
		{A4FA9A16-0C91-49D8-8D41-00A6F767FD85}.DEBUG_AND|Any CPU.ActiveCfg = DEBUG_AND|Any CPU
		{A4FA9A16-0C91-49D8-8D41-00A6F767FD85}.DEBUG_AND|Any CPU.Build.0 = DEBUG_AND|Any CPU
		{A4FA9A16-0C91-49D8-8D41-00A6F767FD85}.DEBUG_B|Any CPU.ActiveCfg = DEBUG_B|Any CPU
		{A4FA9A16-0C91-49D8-8D41-00A6F767FD85}.DEBUG_B|Any CPU.Build.0 = DEBUG_B|Any CPU
		{A4FA9A16-0C91-49D8-8D41-00A6F767FD85}.DEBUG_FAI|Any CPU.ActiveCfg = DEBUG_FAI|Any CPU
		{A4FA9A16-0C91-49D8-8D41-00A6F767FD85}.DEBUG_FAI|Any CPU.Build.0 = DEBUG_FAI|Any CPU
		{A4FA9A16-0C91-49D8-8D41-00A6F767FD85}.DEBUG_MUS|Any CPU.ActiveCfg = DEBUG_MUS|Any CPU
		{A4FA9A16-0C91-49D8-8D41-00A6F767FD85}.DEBUG_MUS|Any CPU.Build.0 = DEBUG_MUS|Any CPU
		{A4FA9A16-0C91-49D8-8D41-00A6F767FD85}.DEBUG_RAM_SOCIAL|Any CPU.ActiveCfg = DEBUG_RAM_SOCIAL|Any CPU
		{A4FA9A16-0C91-49D8-8D41-00A6F767FD85}.DEBUG_RAM_SOCIAL|Any CPU.Build.0 = DEBUG_RAM_SOCIAL|Any CPU
		{A4FA9A16-0C91-49D8-8D41-00A6F767FD85}.DEBUG_RAM|Any CPU.ActiveCfg = DEBUG_RAM|Any CPU
		{A4FA9A16-0C91-49D8-8D41-00A6F767FD85}.DEBUG_RAM|Any CPU.Build.0 = DEBUG_RAM|Any CPU
		{A4FA9A16-0C91-49D8-8D41-00A6F767FD85}.DEBUG_ZUB|Any CPU.ActiveCfg = DEBUG_ZUB|Any CPU
		{A4FA9A16-0C91-49D8-8D41-00A6F767FD85}.DEBUG_ZUB|Any CPU.Build.0 = DEBUG_ZUB|Any CPU
		{A4FA9A16-0C91-49D8-8D41-00A6F767FD85}.Debug|Any CPU.ActiveCfg = Debug|Any CPU
		{A4FA9A16-0C91-49D8-8D41-00A6F767FD85}.Debug|Any CPU.Build.0 = Debug|Any CPU
		{A4FA9A16-0C91-49D8-8D41-00A6F767FD85}.rDebug|Any CPU.ActiveCfg = rDebug|Any CPU
		{A4FA9A16-0C91-49D8-8D41-00A6F767FD85}.rDebug|Any CPU.Build.0 = rDebug|Any CPU
		{A4FA9A16-0C91-49D8-8D41-00A6F767FD85}.Release|Any CPU.ActiveCfg = Release|Any CPU
		{A4FA9A16-0C91-49D8-8D41-00A6F767FD85}.Release|Any CPU.Build.0 = Release|Any CPU
		{694D186F-878A-4A33-93EB-D9B0A2551CAF}.DEBUG_A|Any CPU.ActiveCfg = DEBUG_A|Any CPU
		{694D186F-878A-4A33-93EB-D9B0A2551CAF}.DEBUG_A|Any CPU.Build.0 = DEBUG_A|Any CPU
		{694D186F-878A-4A33-93EB-D9B0A2551CAF}.DEBUG_ALI|Any CPU.ActiveCfg = DEBUG_ALI|Any CPU
		{694D186F-878A-4A33-93EB-D9B0A2551CAF}.DEBUG_ALI|Any CPU.Build.0 = DEBUG_ALI|Any CPU
		{694D186F-878A-4A33-93EB-D9B0A2551CAF}.DEBUG_AND|Any CPU.ActiveCfg = DEBUG_AND|Any CPU
		{694D186F-878A-4A33-93EB-D9B0A2551CAF}.DEBUG_AND|Any CPU.Build.0 = DEBUG_AND|Any CPU
		{694D186F-878A-4A33-93EB-D9B0A2551CAF}.DEBUG_B|Any CPU.ActiveCfg = DEBUG_B|Any CPU
		{694D186F-878A-4A33-93EB-D9B0A2551CAF}.DEBUG_B|Any CPU.Build.0 = DEBUG_B|Any CPU
		{694D186F-878A-4A33-93EB-D9B0A2551CAF}.DEBUG_FAI|Any CPU.ActiveCfg = DEBUG_FAI|Any CPU
		{694D186F-878A-4A33-93EB-D9B0A2551CAF}.DEBUG_FAI|Any CPU.Build.0 = DEBUG_FAI|Any CPU
		{694D186F-878A-4A33-93EB-D9B0A2551CAF}.DEBUG_MUS|Any CPU.ActiveCfg = DEBUG_MUS|Any CPU
		{694D186F-878A-4A33-93EB-D9B0A2551CAF}.DEBUG_MUS|Any CPU.Build.0 = DEBUG_MUS|Any CPU
		{694D186F-878A-4A33-93EB-D9B0A2551CAF}.DEBUG_RAM_SOCIAL|Any CPU.ActiveCfg = DEBUG_RAM_SOCIAL|Any CPU
		{694D186F-878A-4A33-93EB-D9B0A2551CAF}.DEBUG_RAM_SOCIAL|Any CPU.Build.0 = DEBUG_RAM_SOCIAL|Any CPU
		{694D186F-878A-4A33-93EB-D9B0A2551CAF}.DEBUG_RAM|Any CPU.ActiveCfg = DEBUG_RAM|Any CPU
		{694D186F-878A-4A33-93EB-D9B0A2551CAF}.DEBUG_RAM|Any CPU.Build.0 = DEBUG_RAM|Any CPU
		{694D186F-878A-4A33-93EB-D9B0A2551CAF}.DEBUG_ZUB|Any CPU.ActiveCfg = DEBUG_ZUB|Any CPU
		{694D186F-878A-4A33-93EB-D9B0A2551CAF}.DEBUG_ZUB|Any CPU.Build.0 = DEBUG_ZUB|Any CPU
		{694D186F-878A-4A33-93EB-D9B0A2551CAF}.Debug|Any CPU.ActiveCfg = Debug|Any CPU
		{694D186F-878A-4A33-93EB-D9B0A2551CAF}.Debug|Any CPU.Build.0 = Debug|Any CPU
		{694D186F-878A-4A33-93EB-D9B0A2551CAF}.rDebug|Any CPU.ActiveCfg = rDebug|Any CPU
		{694D186F-878A-4A33-93EB-D9B0A2551CAF}.rDebug|Any CPU.Build.0 = rDebug|Any CPU
		{694D186F-878A-4A33-93EB-D9B0A2551CAF}.Release|Any CPU.ActiveCfg = Release|Any CPU
		{694D186F-878A-4A33-93EB-D9B0A2551CAF}.Release|Any CPU.Build.0 = Release|Any CPU
	EndGlobalSection
	GlobalSection(SolutionProperties) = preSolution
		HideSolutionNode = FALSE
	EndGlobalSection
	GlobalSection(ExtensibilityGlobals) = postSolution
		SolutionGuid = {F02664E1-DE1E-4164-B594-2034575F7BA1}
	EndGlobalSection
EndGlobal
